# THIS IS AN AUTOGENERATED FILE. DO NOT EDIT THIS FILE DIRECTLY.
# yarn lockfile v1


"@babel/runtime@^7.10.1", "@babel/runtime@^7.3.1", "@babel/runtime@^7.5.5":
  version "7.11.2"
  resolved "https://registry.yarnpkg.com/@babel/runtime/-/runtime-7.11.2.tgz#f549c13c754cc40b87644b9fa9f09a6a95fe0736"
  integrity sha512-TeWkU52so0mPtDcaCTxNBI/IHiz0pZgr8VEFqXFtZWpYD08ZB6FaSwVAS8MKRQAP3bYKiVjwysOJgMFY28o6Tw==
  dependencies:
    regenerator-runtime "^0.13.4"

html-parse-stringify2@2.0.1:
  version "2.0.1"
  resolved "https://registry.yarnpkg.com/html-parse-stringify2/-/html-parse-stringify2-2.0.1.tgz#dc5670b7292ca158b7bc916c9a6735ac8872834a"
  integrity sha1-3FZwtyksoVi3vJFsmmc1rIhyg0o=
  dependencies:
    void-elements "^2.0.1"

i18next-browser-languagedetector@^6.0.1:
  version "6.0.1"
  resolved "https://registry.yarnpkg.com/i18next-browser-languagedetector/-/i18next-browser-languagedetector-6.0.1.tgz#83654bc87302be2a6a5a75146ffea97b4ca268cf"
  integrity sha512-3H+OsNQn3FciomUU0d4zPFHsvJv4X66lBelXk9hnIDYDsveIgT7dWZ3/VvcSlpKk9lvCK770blRZ/CwHMXZqWw==
  dependencies:
    "@babel/runtime" "^7.5.5"

i18next-http-backend@^1.0.21:
  version "1.0.21"
  resolved "https://registry.yarnpkg.com/i18next-http-backend/-/i18next-http-backend-1.0.21.tgz#cee901b3527dad5165fa91de973b6aa6404c1c37"
  integrity sha512-UDeHoV2B+31Gr++0KFAVjM5l+SEwePpF6sfDyaDq5ennM9QNJ78PBEMPStwkreEm4h5C8sT7M1JdNQrLcU1Wdg==
  dependencies:
    node-fetch "2.6.1"

i18next@^19.7.0:
  version "19.7.0"
  resolved "https://registry.yarnpkg.com/i18next/-/i18next-19.7.0.tgz#e637bbbf36481d34b7d5e6d3b04e1bb654bf2a26"
  integrity sha512-sxZhj6u7HbEYOMx81oGwq5MiXISRBVg2wRY3n6YIbe+HtU8ydzlGzv6ErHdrRKYxATBFssVXYbc3lNZoyB4vfA==
  dependencies:
    "@babel/runtime" "^7.10.1"

node-fetch@2.6.1:
  version "2.6.1"
  resolved "https://registry.yarnpkg.com/node-fetch/-/node-fetch-2.6.1.tgz#045bd323631f76ed2e2b55573394416b639a0052"
  integrity sha512-V4aYg89jEoVRxRb2fJdAg8FHvI7cEyYdVAh94HH0UIK8oJxUfkjlDQN9RbMx+bEjP7+ggMiFRprSti032Oipxw==

react-i18next@^11.7.2:
  version "11.7.2"
  resolved "https://registry.yarnpkg.com/react-i18next/-/react-i18next-11.7.2.tgz#b3cb94ad3b85c25e3d4802a141139d65238b976f"
  integrity sha512-Djj3K3hh5Tecla2CI9rLO3TZBYGMFrGilm0JY4cLofAQONCi5TK6nVmUPKoB59n1ZffgjfgJt6zlbE9aGF6Q0Q==
  dependencies:
    "@babel/runtime" "^7.3.1"
    html-parse-stringify2 "2.0.1"

regenerator-runtime@^0.13.4:
  version "0.13.7"
  resolved "https://registry.yarnpkg.com/regenerator-runtime/-/regenerator-runtime-0.13.7.tgz#cac2dacc8a1ea675feaabaeb8ae833898ae46f55"
  integrity sha512-a54FxoJDIr27pgf7IgeQGxmqUNYrcV338lf/6gH456HZ/PhX+5BcwHXG9ajESmwe6WRO0tAzRUrRmNONWgkrew==

void-elements@^2.0.1:
  version "2.0.1"
  resolved "https://registry.yarnpkg.com/void-elements/-/void-elements-2.0.1.tgz#c066afb582bb1cb4128d60ea92392e94d5e9dbec"
  integrity sha1-wGavtYK7HLQSjWDqkjkulNXp2+w=
